# This file was autogenerated by Stack.
# You should not edit this file by hand.
# For more information, please see the documentation at:
#   https://docs.haskellstack.org/en/stable/lock_files

packages:
- completed:
    hackage: magic-tyfams-0.1.1.0@sha256:40dcdf3f4b8d337aad2586f4b919cf430ddd348e43f2a448d85b4c52109fff46,1336
    pantry-tree:
      size: 322
      sha256: 9abc592578e37c16fb78b8fa4222d5ea20b54b776c2af436f5a96361f1b9552f
  original:
    hackage: magic-tyfams-0.1.1.0
snapshots:
- completed:
    size: 531237
    url: https://raw.githubusercontent.com/commercialhaskell/stackage-snapshots/master/lts/16/0.yaml
    sha256: 210e15b7043e2783115afe16b0d54914b1611cdaa73f3ca3ca7f8e0847ff54e5
  original: lts-16.0
